
Microsoft Visual Studio Solution File, Format Version 12.00
# Visual Studio Version 17
VisualStudioVersion = 17.11.35312.102
MinimumVisualStudioVersion = 10.0.40219.1
Project("{FAE04EC0-301F-11D3-BF4B-00C04F79EFBC}") = "Project_vispro", "Project_vispro.csproj", "{FB2AB651-C406-4BB0-BDC5-8D57977AE32E}"
EndProject
Global
	GlobalSection(SolutionConfigurationPlatforms) = preSolution
		Debug|Any CPU = Debug|Any CPU
		Release|Any CPU = Release|Any CPU
	EndGlobalSection
	GlobalSection(ProjectConfigurationPlatforms) = postSolution
		{FB2AB651-C406-4BB0-BDC5-8D57977AE32E}.Debug|Any CPU.ActiveCfg = Debug|Any CPU
		{FB2AB651-C406-4BB0-BDC5-8D57977AE32E}.Debug|Any CPU.Build.0 = Debug|Any CPU
		{FB2AB651-C406-4BB0-BDC5-8D57977AE32E}.Release|Any CPU.ActiveCfg = Release|Any CPU
		{FB2AB651-C406-4BB0-BDC5-8D57977AE32E}.Release|Any CPU.Build.0 = Release|Any CPU
	EndGlobalSection
	GlobalSection(SolutionProperties) = preSolution
		HideSolutionNode = FALSE
	EndGlobalSection
	GlobalSection(ExtensibilityGlobals) = postSolution
		SolutionGuid = {6CCFF6CF-B515-4DD9-AB06-3C352CF829EB}
	EndGlobalSection
EndGlobal
